
Microsoft Visual Studio Solution File, Format Version 12.00
# Visual Studio Version 17
VisualStudioVersion = 17.14.36327.8 d17.14
MinimumVisualStudioVersion = 10.0.40219.1
Project("{FAE04EC0-301F-11D3-BF4B-00C04F79EFBC}") = "HybridApi", "HybridApi.csproj", "{734CF5D1-B529-4307-8AD7-84592E1EB495}"
EndProject
Global
	GlobalSection(SolutionConfigurationPlatforms) = preSolution
		Debug|Any CPU = Debug|Any CPU
		Release|Any CPU = Release|Any CPU
	EndGlobalSection
	GlobalSection(ProjectConfigurationPlatforms) = postSolution
		{734CF5D1-B529-4307-8AD7-84592E1EB495}.Debug|Any CPU.ActiveCfg = Debug|Any CPU
		{734CF5D1-B529-4307-8AD7-84592E1EB495}.Debug|Any CPU.Build.0 = Debug|Any CPU
		{734CF5D1-B529-4307-8AD7-84592E1EB495}.Release|Any CPU.ActiveCfg = Release|Any CPU
		{734CF5D1-B529-4307-8AD7-84592E1EB495}.Release|Any CPU.Build.0 = Release|Any CPU
	EndGlobalSection
	GlobalSection(SolutionProperties) = preSolution
		HideSolutionNode = FALSE
	EndGlobalSection
	GlobalSection(ExtensibilityGlobals) = postSolution
		SolutionGuid = {830681E5-8CB2-4862-AEA3-14DCF332BE76}
	EndGlobalSection
EndGlobal
